// !$*UTF8*$!
{
	archiveVersion = 1;
	classes = {
	};
	objectVersion = 50;
	objects = {

/* Begin PBXBuildFile section */
		1805E2D624BC3E7000D1912F /* AppDelegate.swift in Sources */ = {isa = PBXBuildFile; fileRef = 1805E2D524BC3E7000D1912F /* AppDelegate.swift */; };
		1805E2D824BC3E7000D1912F /* SceneDelegate.swift in Sources */ = {isa = PBXBuildFile; fileRef = 1805E2D724BC3E7000D1912F /* SceneDelegate.swift */; };
		1805E2DA24BC3E7000D1912F /* ViewController.swift in Sources */ = {isa = PBXBuildFile; fileRef = 1805E2D924BC3E7000D1912F /* ViewController.swift */; };
		1805E2DD24BC3E7000D1912F /* Main.storyboard in Resources */ = {isa = PBXBuildFile; fileRef = 1805E2DB24BC3E7000D1912F /* Main.storyboard */; };
		1805E2DF24BC3E7300D1912F /* Assets.xcassets in Resources */ = {isa = PBXBuildFile; fileRef = 1805E2DE24BC3E7300D1912F /* Assets.xcassets */; };
		1805E2E224BC3E7300D1912F /* LaunchScreen.storyboard in Resources */ = {isa = PBXBuildFile; fileRef = 1805E2E024BC3E7300D1912F /* LaunchScreen.storyboard */; };
		1805E2ED24BC3E7300D1912F /* StormViewerTests.swift in Sources */ = {isa = PBXBuildFile; fileRef = 1805E2EC24BC3E7300D1912F /* StormViewerTests.swift */; };
		1805E2F824BC3E7300D1912F /* StormViewerUITests.swift in Sources */ = {isa = PBXBuildFile; fileRef = 1805E2F724BC3E7300D1912F /* StormViewerUITests.swift */; };
		1805E31624BC3E9F00D1912F /* storm13.jpeg in Resources */ = {isa = PBXBuildFile; fileRef = 1805E30624BC3E9F00D1912F /* storm13.jpeg */; };
		1805E31724BC3E9F00D1912F /* storm1.jpeg in Resources */ = {isa = PBXBuildFile; fileRef = 1805E30724BC3E9F00D1912F /* storm1.jpeg */; };
		1805E31824BC3E9F00D1912F /* storm12.jpeg in Resources */ = {isa = PBXBuildFile; fileRef = 1805E30824BC3E9F00D1912F /* storm12.jpeg */; };
		1805E31924BC3E9F00D1912F /* storm15.jpeg in Resources */ = {isa = PBXBuildFile; fileRef = 1805E30924BC3E9F00D1912F /* storm15.jpeg */; };
		1805E31A24BC3E9F00D1912F /* storm6.jpeg in Resources */ = {isa = PBXBuildFile; fileRef = 1805E30A24BC3E9F00D1912F /* storm6.jpeg */; };
		1805E31B24BC3E9F00D1912F /* storm7.jpeg in Resources */ = {isa = PBXBuildFile; fileRef = 1805E30B24BC3E9F00D1912F /* storm7.jpeg */; };
		1805E31C24BC3E9F00D1912F /* storm14.jpeg in Resources */ = {isa = PBXBuildFile; fileRef = 1805E30C24BC3E9F00D1912F /* storm14.jpeg */; };
		1805E31D24BC3E9F00D1912F /* storm4.jpeg in Resources */ = {isa = PBXBuildFile; fileRef = 1805E30D24BC3E9F00D1912F /* storm4.jpeg */; };
		1805E31E24BC3E9F00D1912F /* storm8.jpeg in Resources */ = {isa = PBXBuildFile; fileRef = 1805E30E24BC3E9F00D1912F /* storm8.jpeg */; };
		1805E31F24BC3E9F00D1912F /* storm9.jpeg in Resources */ = {isa = PBXBuildFile; fileRef = 1805E30F24BC3E9F00D1912F /* storm9.jpeg */; };
		1805E32024BC3E9F00D1912F /* storm5.jpeg in Resources */ = {isa = PBXBuildFile; fileRef = 1805E31024BC3E9F00D1912F /* storm5.jpeg */; };
		1805E32124BC3E9F00D1912F /* nssl0033.jpg in Resources */ = {isa = PBXBuildFile; fileRef = 1805E31124BC3E9F00D1912F /* nssl0033.jpg */; };
		1805E32224BC3E9F00D1912F /* storm2.jpeg in Resources */ = {isa = PBXBuildFile; fileRef = 1805E31224BC3E9F00D1912F /* storm2.jpeg */; };
		1805E32324BC3E9F00D1912F /* storm11.jpeg in Resources */ = {isa = PBXBuildFile; fileRef = 1805E31324BC3E9F00D1912F /* storm11.jpeg */; };
		1805E32424BC3E9F00D1912F /* storm10.jpeg in Resources */ = {isa = PBXBuildFile; fileRef = 1805E31424BC3E9F00D1912F /* storm10.jpeg */; };
		1805E32524BC3E9F00D1912F /* storm3.jpeg in Resources */ = {isa = PBXBuildFile; fileRef = 1805E31524BC3E9F00D1912F /* storm3.jpeg */; };
		1805E32724BC529400D1912F /* DetailViewController.swift in Sources */ = {isa = PBXBuildFile; fileRef = 1805E32624BC529400D1912F /* DetailViewController.swift */; };
/* End PBXBuildFile section */

/* Begin PBXContainerItemProxy section */
		1805E2E924BC3E7300D1912F /* PBXContainerItemProxy */ = {
			isa = PBXContainerItemProxy;
			containerPortal = 1805E2CA24BC3E7000D1912F /* Project object */;
			proxyType = 1;
			remoteGlobalIDString = 1805E2D124BC3E7000D1912F;
			remoteInfo = StormViewer;
		};
		1805E2F424BC3E7300D1912F /* PBXContainerItemProxy */ = {
			isa = PBXContainerItemProxy;
			containerPortal = 1805E2CA24BC3E7000D1912F /* Project object */;
			proxyType = 1;
			remoteGlobalIDString = 1805E2D124BC3E7000D1912F;
			remoteInfo = StormViewer;
		};
/* End PBXContainerItemProxy section */

/* Begin PBXFileReference section */
		1805E2D224BC3E7000D1912F /* StormViewer.app */ = {isa = PBXFileReference; explicitFileType = wrapper.application; includeInIndex = 0; path = StormViewer.app; sourceTree = BUILT_PRODUCTS_DIR; };
		1805E2D524BC3E7000D1912F /* AppDelegate.swift */ = {isa = PBXFileReference; lastKnownFileType = sourcecode.swift; path = AppDelegate.swift; sourceTree = "<group>"; };
		1805E2D724BC3E7000D1912F /* SceneDelegate.swift */ = {isa = PBXFileReference; lastKnownFileType = sourcecode.swift; path = SceneDelegate.swift; sourceTree = "<group>"; };
		1805E2D924BC3E7000D1912F /* ViewController.swift */ = {isa = PBXFileReference; lastKnownFileType = sourcecode.swift; path = ViewController.swift; sourceTree = "<group>"; };
		1805E2DC24BC3E7000D1912F /* Base */ = {isa = PBXFileReference; lastKnownFileType = file.storyboard; name = Base; path = Base.lproj/Main.storyboard; sourceTree = "<group>"; };
		1805E2DE24BC3E7300D1912F /* Assets.xcassets */ = {isa = PBXFileReference; lastKnownFileType = folder.assetcatalog; path = Assets.xcassets; sourceTree = "<group>"; };
		1805E2E124BC3E7300D1912F /* Base */ = {isa = PBXFileReference; lastKnownFileType = file.storyboard; name = Base; path = Base.lproj/LaunchScreen.storyboard; sourceTree = "<group>"; };
		1805E2E324BC3E7300D1912F /* Info.plist */ = {isa = PBXFileReference; lastKnownFileType = text.plist.xml; path = Info.plist; sourceTree = "<group>"; };
		1805E2E824BC3E7300D1912F /* StormViewerTests.xctest */ = {isa = PBXFileReference; explicitFileType = wrapper.cfbundle; includeInIndex = 0; path = StormViewerTests.xctest; sourceTree = BUILT_PRODUCTS_DIR; };
		1805E2EC24BC3E7300D1912F /* StormViewerTests.swift */ = {isa = PBXFileReference; lastKnownFileType = sourcecode.swift; path = StormViewerTests.swift; sourceTree = "<group>"; };
		1805E2EE24BC3E7300D1912F /* Info.plist */ = {isa = PBXFileReference; lastKnownFileType = text.plist.xml; path = Info.plist; sourceTree = "<group>"; };
		1805E2F324BC3E7300D1912F /* StormViewerUITests.xctest */ = {isa = PBXFileReference; explicitFileType = wrapper.cfbundle; includeInIndex = 0; path = StormViewerUITests.xctest; sourceTree = BUILT_PRODUCTS_DIR; };
		1805E2F724BC3E7300D1912F /* StormViewerUITests.swift */ = {isa = PBXFileReference; lastKnownFileType = sourcecode.swift; path = StormViewerUITests.swift; sourceTree = "<group>"; };
		1805E2F924BC3E7300D1912F /* Info.plist */ = {isa = PBXFileReference; lastKnownFileType = text.plist.xml; path = Info.plist; sourceTree = "<group>"; };
		1805E30624BC3E9F00D1912F /* storm13.jpeg */ = {isa = PBXFileReference; lastKnownFileType = image.jpeg; path = storm13.jpeg; sourceTree = "<group>"; };
		1805E30724BC3E9F00D1912F /* storm1.jpeg */ = {isa = PBXFileReference; lastKnownFileType = image.jpeg; path = storm1.jpeg; sourceTree = "<group>"; };
		1805E30824BC3E9F00D1912F /* storm12.jpeg */ = {isa = PBXFileReference; lastKnownFileType = image.jpeg; path = storm12.jpeg; sourceTree = "<group>"; };
		1805E30924BC3E9F00D1912F /* storm15.jpeg */ = {isa = PBXFileReference; lastKnownFileType = image.jpeg; path = storm15.jpeg; sourceTree = "<group>"; };
		1805E30A24BC3E9F00D1912F /* storm6.jpeg */ = {isa = PBXFileReference; lastKnownFileType = image.jpeg; path = storm6.jpeg; sourceTree = "<group>"; };
		1805E30B24BC3E9F00D1912F /* storm7.jpeg */ = {isa = PBXFileReference; lastKnownFileType = image.jpeg; path = storm7.jpeg; sourceTree = "<group>"; };
		1805E30C24BC3E9F00D1912F /* storm14.jpeg */ = {isa = PBXFileReference; lastKnownFileType = image.jpeg; path = storm14.jpeg; sourceTree = "<group>"; };
		1805E30D24BC3E9F00D1912F /* storm4.jpeg */ = {isa = PBXFileReference; lastKnownFileType = image.jpeg; path = storm4.jpeg; sourceTree = "<group>"; };
		1805E30E24BC3E9F00D1912F /* storm8.jpeg */ = {isa = PBXFileReference; lastKnownFileType = image.jpeg; path = storm8.jpeg; sourceTree = "<group>"; };
		1805E30F24BC3E9F00D1912F /* storm9.jpeg */ = {isa = PBXFileReference; lastKnownFileType = image.jpeg; path = storm9.jpeg; sourceTree = "<group>"; };
		1805E31024BC3E9F00D1912F /* storm5.jpeg */ = {isa = PBXFileReference; lastKnownFileType = image.jpeg; path = storm5.jpeg; sourceTree = "<group>"; };
		1805E31124BC3E9F00D1912F /* nssl0033.jpg */ = {isa = PBXFileReference; lastKnownFileType = image.jpeg; path = nssl0033.jpg; sourceTree = "<group>"; };
		1805E31224BC3E9F00D1912F /* storm2.jpeg */ = {isa = PBXFileReference; lastKnownFileType = image.jpeg; path = storm2.jpeg; sourceTree = "<group>"; };
		1805E31324BC3E9F00D1912F /* storm11.jpeg */ = {isa = PBXFileReference; lastKnownFileType = image.jpeg; path = storm11.jpeg; sourceTree = "<group>"; };
		1805E31424BC3E9F00D1912F /* storm10.jpeg */ = {isa = PBXFileReference; lastKnownFileType = image.jpeg; path = storm10.jpeg; sourceTree = "<group>"; };
		1805E31524BC3E9F00D1912F /* storm3.jpeg */ = {isa = PBXFileReference; lastKnownFileType = image.jpeg; path = storm3.jpeg; sourceTree = "<group>"; };
		1805E32624BC529400D1912F /* DetailViewController.swift */ = {isa = PBXFileReference; lastKnownFileType = sourcecode.swift; path = DetailViewController.swift; sourceTree = "<group>"; };
/* End PBXFileReference section */

/* Begin PBXFrameworksBuildPhase section */
		1805E2CF24BC3E7000D1912F /* Frameworks */ = {
			isa = PBXFrameworksBuildPhase;
			buildActionMask = 2147483647;
			files = (
			);
			runOnlyForDeploymentPostprocessing = 0;
		};
		1805E2E524BC3E7300D1912F /* Frameworks */ = {
			isa = PBXFrameworksBuildPhase;
			buildActionMask = 2147483647;
			files = (
			);
			runOnlyForDeploymentPostprocessing = 0;
		};
		1805E2F024BC3E7300D1912F /* Frameworks */ = {
			isa = PBXFrameworksBuildPhase;
			buildActionMask = 2147483647;
			files = (
			);
			runOnlyForDeploymentPostprocessing = 0;
		};
/* End PBXFrameworksBuildPhase section */

/* Begin PBXGroup section */
		1805E2C924BC3E7000D1912F = {
			isa = PBXGroup;
			children = (
				1805E2D424BC3E7000D1912F /* StormViewer */,
				1805E2EB24BC3E7300D1912F /* StormViewerTests */,
				1805E2F624BC3E7300D1912F /* StormViewerUITests */,
				1805E2D324BC3E7000D1912F /* Products */,
			);
			sourceTree = "<group>";
		};
		1805E2D324BC3E7000D1912F /* Products */ = {
			isa = PBXGroup;
			children = (
				1805E2D224BC3E7000D1912F /* StormViewer.app */,
				1805E2E824BC3E7300D1912F /* StormViewerTests.xctest */,
				1805E2F324BC3E7300D1912F /* StormViewerUITests.xctest */,
			);
			name = Products;
			sourceTree = "<group>";
		};
		1805E2D424BC3E7000D1912F /* StormViewer */ = {
			isa = PBXGroup;
			children = (
				1805E2D524BC3E7000D1912F /* AppDelegate.swift */,
				1805E2D724BC3E7000D1912F /* SceneDelegate.swift */,
				1805E2D924BC3E7000D1912F /* ViewController.swift */,
				1805E32624BC529400D1912F /* DetailViewController.swift */,
				1805E2DB24BC3E7000D1912F /* Main.storyboard */,
				1805E2DE24BC3E7300D1912F /* Assets.xcassets */,
				1805E30524BC3E9F00D1912F /* content */,
				1805E2E024BC3E7300D1912F /* LaunchScreen.storyboard */,
				1805E2E324BC3E7300D1912F /* Info.plist */,
			);
			path = StormViewer;
			sourceTree = "<group>";
		};
		1805E2EB24BC3E7300D1912F /* StormViewerTests */ = {
			isa = PBXGroup;
			children = (
				1805E2EC24BC3E7300D1912F /* StormViewerTests.swift */,
				1805E2EE24BC3E7300D1912F /* Info.plist */,
			);
			path = StormViewerTests;
			sourceTree = "<group>";
		};
		1805E2F624BC3E7300D1912F /* StormViewerUITests */ = {
			isa = PBXGroup;
			children = (
				1805E2F724BC3E7300D1912F /* StormViewerUITests.swift */,
				1805E2F924BC3E7300D1912F /* Info.plist */,
			);
			path = StormViewerUITests;
			sourceTree = "<group>";
		};
		1805E30524BC3E9F00D1912F /* content */ = {
			isa = PBXGroup;
			children = (
				1805E30624BC3E9F00D1912F /* storm13.jpeg */,
				1805E30724BC3E9F00D1912F /* storm1.jpeg */,
				1805E30824BC3E9F00D1912F /* storm12.jpeg */,
				1805E30924BC3E9F00D1912F /* storm15.jpeg */,
				1805E30A24BC3E9F00D1912F /* storm6.jpeg */,
				1805E30B24BC3E9F00D1912F /* storm7.jpeg */,
				1805E30C24BC3E9F00D1912F /* storm14.jpeg */,
				1805E30D24BC3E9F00D1912F /* storm4.jpeg */,
				1805E30E24BC3E9F00D1912F /* storm8.jpeg */,
				1805E30F24BC3E9F00D1912F /* storm9.jpeg */,
				1805E31024BC3E9F00D1912F /* storm5.jpeg */,
				1805E31124BC3E9F00D1912F /* nssl0033.jpg */,
				1805E31224BC3E9F00D1912F /* storm2.jpeg */,
				1805E31324BC3E9F00D1912F /* storm11.jpeg */,
				1805E31424BC3E9F00D1912F /* storm10.jpeg */,
				1805E31524BC3E9F00D1912F /* storm3.jpeg */,
			);
			path = content;
			sourceTree = "<group>";
		};
/* End PBXGroup section */

/* Begin PBXNativeTarget section */
		1805E2D124BC3E7000D1912F /* StormViewer */ = {
			isa = PBXNativeTarget;
			buildConfigurationList = 1805E2FC24BC3E7300D1912F /* Build configuration list for PBXNativeTarget "StormViewer" */;
			buildPhases = (
				1805E2CE24BC3E7000D1912F /* Sources */,
				1805E2CF24BC3E7000D1912F /* Frameworks */,
				1805E2D024BC3E7000D1912F /* Resources */,
			);
			buildRules = (
			);
			dependencies = (
			);
			name = StormViewer;
			productName = StormViewer;
			productReference = 1805E2D224BC3E7000D1912F /* StormViewer.app */;
			productType = "com.apple.product-type.application";
		};
		1805E2E724BC3E7300D1912F /* StormViewerTests */ = {
			isa = PBXNativeTarget;
			buildConfigurationList = 1805E2FF24BC3E7300D1912F /* Build configuration list for PBXNativeTarget "StormViewerTests" */;
			buildPhases = (
				1805E2E424BC3E7300D1912F /* Sources */,
				1805E2E524BC3E7300D1912F /* Frameworks */,
				1805E2E624BC3E7300D1912F /* Resources */,
			);
			buildRules = (
			);
			dependencies = (
				1805E2EA24BC3E7300D1912F /* PBXTargetDependency */,
			);
			name = StormViewerTests;
			productName = StormViewerTests;
			productReference = 1805E2E824BC3E7300D1912F /* StormViewerTests.xctest */;
			productType = "com.apple.product-type.bundle.unit-test";
		};
		1805E2F224BC3E7300D1912F /* StormViewerUITests */ = {
			isa = PBXNativeTarget;
			buildConfigurationList = 1805E30224BC3E7300D1912F /* Build configuration list for PBXNativeTarget "StormViewerUITests" */;
			buildPhases = (
				1805E2EF24BC3E7300D1912F /* Sources */,
				1805E2F024BC3E7300D1912F /* Frameworks */,
				1805E2F124BC3E7300D1912F /* Resources */,
			);
			buildRules = (
			);
			dependencies = (
				1805E2F524BC3E7300D1912F /* PBXTargetDependency */,
			);
			name = StormViewerUITests;
			productName = StormViewerUITests;
			productReference = 1805E2F324BC3E7300D1912F /* StormViewerUITests.xctest */;
			productType = "com.apple.product-type.bundle.ui-testing";
		};
/* End PBXNativeTarget section */

/* Begin PBXProject section */
		1805E2CA24BC3E7000D1912F /* Project object */ = {
			isa = PBXProject;
			attributes = {
				LastSwiftUpdateCheck = 1150;
				LastUpgradeCheck = 1150;
				ORGANIZATIONNAME = "eyal avisar";
				TargetAttributes = {
					1805E2D124BC3E7000D1912F = {
						CreatedOnToolsVersion = 11.5;
					};
					1805E2E724BC3E7300D1912F = {
						CreatedOnToolsVersion = 11.5;
						TestTargetID = 1805E2D124BC3E7000D1912F;
					};
					1805E2F224BC3E7300D1912F = {
						CreatedOnToolsVersion = 11.5;
						TestTargetID = 1805E2D124BC3E7000D1912F;
					};
				};
			};
			buildConfigurationList = 1805E2CD24BC3E7000D1912F /* Build configuration list for PBXProject "StormViewer" */;
			compatibilityVersion = "Xcode 9.3";
			developmentRegion = en;
			hasScannedForEncodings = 0;
			knownRegions = (
				en,
				Base,
			);
			mainGroup = 1805E2C924BC3E7000D1912F;
			productRefGroup = 1805E2D324BC3E7000D1912F /* Products */;
			projectDirPath = "";
			projectRoot = "";
			targets = (
				1805E2D124BC3E7000D1912F /* StormViewer */,
				1805E2E724BC3E7300D1912F /* StormViewerTests */,
				1805E2F224BC3E7300D1912F /* StormViewerUITests */,
			);
		};
/* End PBXProject section */

/* Begin PBXResourcesBuildPhase section */
		1805E2D024BC3E7000D1912F /* Resources */ = {
			isa = PBXResourcesBuildPhase;
			buildActionMask = 2147483647;
			files = (
				1805E31E24BC3E9F00D1912F /* storm8.jpeg in Resources */,
				1805E32324BC3E9F00D1912F /* storm11.jpeg in Resources */,
				1805E32424BC3E9F00D1912F /* storm10.jpeg in Resources */,
				1805E31B24BC3E9F00D1912F /* storm7.jpeg in Resources */,
				1805E31924BC3E9F00D1912F /* storm15.jpeg in Resources */,
				1805E31C24BC3E9F00D1912F /* storm14.jpeg in Resources */,
				1805E2E224BC3E7300D1912F /* LaunchScreen.storyboard in Resources */,
				1805E32524BC3E9F00D1912F /* storm3.jpeg in Resources */,
				1805E31A24BC3E9F00D1912F /* storm6.jpeg in Resources */,
				1805E32224BC3E9F00D1912F /* storm2.jpeg in Resources */,
				1805E31D24BC3E9F00D1912F /* storm4.jpeg in Resources */,
				1805E32024BC3E9F00D1912F /* storm5.jpeg in Resources */,
				1805E31724BC3E9F00D1912F /* storm1.jpeg in Resources */,
				1805E31F24BC3E9F00D1912F /* storm9.jpeg in Resources */,
				1805E32124BC3E9F00D1912F /* nssl0033.jpg in Resources */,
				1805E31824BC3E9F00D1912F /* storm12.jpeg in Resources */,
				1805E31624BC3E9F00D1912F /* storm13.jpeg in Resources */,
				1805E2DF24BC3E7300D1912F /* Assets.xcassets in Resources */,
				1805E2DD24BC3E7000D1912F /* Main.storyboard in Resources */,
			);
			runOnlyForDeploymentPostprocessing = 0;
		};
		1805E2E624BC3E7300D1912F /* Resources */ = {
			isa = PBXResourcesBuildPhase;
			buildActionMask = 2147483647;
			files = (
			);
			runOnlyForDeploymentPostprocessing = 0;
		};
		1805E2F124BC3E7300D1912F /* Resources */ = {
			isa = PBXResourcesBuildPhase;
			buildActionMask = 2147483647;
			files = (
			);
			runOnlyForDeploymentPostprocessing = 0;
		};
/* End PBXResourcesBuildPhase section */

/* Begin PBXSourcesBuildPhase section */
		1805E2CE24BC3E7000D1912F /* Sources */ = {
			isa = PBXSourcesBuildPhase;
			buildActionMask = 2147483647;
			files = (
				1805E2DA24BC3E7000D1912F /* ViewController.swift in Sources */,
				1805E2D624BC3E7000D1912F /* AppDelegate.swift in Sources */,
				1805E2D824BC3E7000D1912F /* SceneDelegate.swift in Sources */,
				1805E32724BC529400D1912F /* DetailViewController.swift in Sources */,
			);
			runOnlyForDeploymentPostprocessing = 0;
		};
		1805E2E424BC3E7300D1912F /* Sources */ = {
			isa = PBXSourcesBuildPhase;
			buildActionMask = 2147483647;
			files = (
				1805E2ED24BC3E7300D1912F /* StormViewerTests.swift in Sources */,
			);
			runOnlyForDeploymentPostprocessing = 0;
		};
		1805E2EF24BC3E7300D1912F /* Sources */ = {
			isa = PBXSourcesBuildPhase;
			buildActionMask = 2147483647;
			files = (
				1805E2F824BC3E7300D1912F /* StormViewerUITests.swift in Sources */,
			);
			runOnlyForDeploymentPostprocessing = 0;
		};
/* End PBXSourcesBuildPhase section */

/* Begin PBXTargetDependency section */
		1805E2EA24BC3E7300D1912F /* PBXTargetDependency */ = {
			isa = PBXTargetDependency;
			target = 1805E2D124BC3E7000D1912F /* StormViewer */;
			targetProxy = 1805E2E924BC3E7300D1912F /* PBXContainerItemProxy */;
		};
		1805E2F524BC3E7300D1912F /* PBXTargetDependency */ = {
			isa = PBXTargetDependency;
			target = 1805E2D124BC3E7000D1912F /* StormViewer */;
			targetProxy = 1805E2F424BC3E7300D1912F /* PBXContainerItemProxy */;
		};
/* End PBXTargetDependency section */

/* Begin PBXVariantGroup section */
		1805E2DB24BC3E7000D1912F /* Main.storyboard */ = {
			isa = PBXVariantGroup;
			children = (
				1805E2DC24BC3E7000D1912F /* Base */,
			);
			name = Main.storyboard;
			sourceTree = "<group>";
		};
		1805E2E024BC3E7300D1912F /* LaunchScreen.storyboard */ = {
			isa = PBXVariantGroup;
			children = (
				1805E2E124BC3E7300D1912F /* Base */,
			);
			name = LaunchScreen.storyboard;
			sourceTree = "<group>";
		};
/* End PBXVariantGroup section */

/* Begin XCBuildConfiguration section */
		1805E2FA24BC3E7300D1912F /* Debug */ = {
			isa = XCBuildConfiguration;
			buildSettings = {
				ALWAYS_SEARCH_USER_PATHS = NO;
				CLANG_ANALYZER_NONNULL = YES;
				CLANG_ANALYZER_NUMBER_OBJECT_CONVERSION = YES_AGGRESSIVE;
				CLANG_CXX_LANGUAGE_STANDARD = "gnu++14";
				CLANG_CXX_LIBRARY = "libc++";
				CLANG_ENABLE_MODULES = YES;
				CLANG_ENABLE_OBJC_ARC = YES;
				CLANG_ENABLE_OBJC_WEAK = YES;
				CLANG_WARN_BLOCK_CAPTURE_AUTORELEASING = YES;
				CLANG_WARN_BOOL_CONVERSION = YES;
				CLANG_WARN_COMMA = YES;
				CLANG_WARN_CONSTANT_CONVERSION = YES;
				CLANG_WARN_DEPRECATED_OBJC_IMPLEMENTATIONS = YES;
				CLANG_WARN_DIRECT_OBJC_ISA_USAGE = YES_ERROR;
				CLANG_WARN_DOCUMENTATION_COMMENTS = YES;
				CLANG_WARN_EMPTY_BODY = YES;
				CLANG_WARN_ENUM_CONVERSION = YES;
				CLANG_WARN_INFINITE_RECURSION = YES;
				CLANG_WARN_INT_CONVERSION = YES;
				CLANG_WARN_NON_LITERAL_NULL_CONVERSION = YES;
				CLANG_WARN_OBJC_IMPLICIT_RETAIN_SELF = YES;
				CLANG_WARN_OBJC_LITERAL_CONVERSION = YES;
				CLANG_WARN_OBJC_ROOT_CLASS = YES_ERROR;
				CLANG_WARN_RANGE_LOOP_ANALYSIS = YES;
				CLANG_WARN_STRICT_PROTOTYPES = YES;
				CLANG_WARN_SUSPICIOUS_MOVE = YES;
				CLANG_WARN_UNGUARDED_AVAILABILITY = YES_AGGRESSIVE;
				CLANG_WARN_UNREACHABLE_CODE = YES;
				CLANG_WARN__DUPLICATE_METHOD_MATCH = YES;
				COPY_PHASE_STRIP = NO;
				DEBUG_INFORMATION_FORMAT = dwarf;
				ENABLE_STRICT_OBJC_MSGSEND = YES;
				ENABLE_TESTABILITY = YES;
				GCC_C_LANGUAGE_STANDARD = gnu11;
				GCC_DYNAMIC_NO_PIC = NO;
				GCC_NO_COMMON_BLOCKS = YES;
				GCC_OPTIMIZATION_LEVEL = 0;
				GCC_PREPROCESSOR_DEFINITIONS = (
					"DEBUG=1",
					"$(inherited)",
				);
				GCC_WARN_64_TO_32_BIT_CONVERSION = YES;
				GCC_WARN_ABOUT_RETURN_TYPE = YES_ERROR;
				GCC_WARN_UNDECLARED_SELECTOR = YES;
				GCC_WARN_UNINITIALIZED_AUTOS = YES_AGGRESSIVE;
				GCC_WARN_UNUSED_FUNCTION = YES;
				GCC_WARN_UNUSED_VARIABLE = YES;
				IPHONEOS_DEPLOYMENT_TARGET = 13.5;
				MTL_ENABLE_DEBUG_INFO = INCLUDE_SOURCE;
				MTL_FAST_MATH = YES;
				ONLY_ACTIVE_ARCH = YES;
				SDKROOT = iphoneos;
				SWIFT_ACTIVE_COMPILATION_CONDITIONS = DEBUG;
				SWIFT_OPTIMIZATION_LEVEL = "-Onone";
			};
			name = Debug;
		};
		1805E2FB24BC3E7300D1912F /* Release */ = {
			isa = XCBuildConfiguration;
			buildSettings = {
				ALWAYS_SEARCH_USER_PATHS = NO;
				CLANG_ANALYZER_NONNULL = YES;
				CLANG_ANALYZER_NUMBER_OBJECT_CONVERSION = YES_AGGRESSIVE;
				CLANG_CXX_LANGUAGE_STANDARD = "gnu++14";
				CLANG_CXX_LIBRARY = "libc++";
				CLANG_ENABLE_MODULES = YES;
				CLANG_ENABLE_OBJC_ARC = YES;
				CLANG_ENABLE_OBJC_WEAK = YES;
				CLANG_WARN_BLOCK_CAPTURE_AUTORELEASING = YES;
				CLANG_WARN_BOOL_CONVERSION = YES;
				CLANG_WARN_COMMA = YES;
				CLANG_WARN_CONSTANT_CONVERSION = YES;
				CLANG_WARN_DEPRECATED_OBJC_IMPLEMENTATIONS = YES;
				CLANG_WARN_DIRECT_OBJC_ISA_USAGE = YES_ERROR;
				CLANG_WARN_DOCUMENTATION_COMMENTS = YES;
				CLANG_WARN_EMPTY_BODY = YES;
				CLANG_WARN_ENUM_CONVERSION = YES;
				CLANG_WARN_INFINITE_RECURSION = YES;
				CLANG_WARN_INT_CONVERSION = YES;
				CLANG_WARN_NON_LITERAL_NULL_CONVERSION = YES;
				CLANG_WARN_OBJC_IMPLICIT_RETAIN_SELF = YES;
				CLANG_WARN_OBJC_LITERAL_CONVERSION = YES;
				CLANG_WARN_OBJC_ROOT_CLASS = YES_ERROR;
				CLANG_WARN_RANGE_LOOP_ANALYSIS = YES;
				CLANG_WARN_STRICT_PROTOTYPES = YES;
				CLANG_WARN_SUSPICIOUS_MOVE = YES;
				CLANG_WARN_UNGUARDED_AVAILABILITY = YES_AGGRESSIVE;
				CLANG_WARN_UNREACHABLE_CODE = YES;
				CLANG_WARN__DUPLICATE_METHOD_MATCH = YES;
				COPY_PHASE_STRIP = NO;
				DEBUG_INFORMATION_FORMAT = "dwarf-with-dsym";
				ENABLE_NS_ASSERTIONS = NO;
				ENABLE_STRICT_OBJC_MSGSEND = YES;
				GCC_C_LANGUAGE_STANDARD = gnu11;
				GCC_NO_COMMON_BLOCKS = YES;
				GCC_WARN_64_TO_32_BIT_CONVERSION = YES;
				GCC_WARN_ABOUT_RETURN_TYPE = YES_ERROR;
				GCC_WARN_UNDECLARED_SELECTOR = YES;
				GCC_WARN_UNINITIALIZED_AUTOS = YES_AGGRESSIVE;
				GCC_WARN_UNUSED_FUNCTION = YES;
				GCC_WARN_UNUSED_VARIABLE = YES;
				IPHONEOS_DEPLOYMENT_TARGET = 13.5;
				MTL_ENABLE_DEBUG_INFO = NO;
				MTL_FAST_MATH = YES;
				SDKROOT = iphoneos;
				SWIFT_COMPILATION_MODE = wholemodule;
				SWIFT_OPTIMIZATION_LEVEL = "-O";
				VALIDATE_PRODUCT = YES;
			};
			name = Release;
		};
		1805E2FD24BC3E7300D1912F /* Debug */ = {
			isa = XCBuildConfiguration;
			buildSettings = {
				ASSETCATALOG_COMPILER_APPICON_NAME = AppIcon;
				CODE_SIGN_STYLE = Automatic;
				INFOPLIST_FILE = StormViewer/Info.plist;
				LD_RUNPATH_SEARCH_PATHS = (
					"$(inherited)",
					"@executable_path/Frameworks",
				);
				PRODUCT_BUNDLE_IDENTIFIER = il.co.hyperactive.StormViewer;
				PRODUCT_NAME = "$(TARGET_NAME)";
				SWIFT_VERSION = 5.0;
				TARGETED_DEVICE_FAMILY = "1,2";
			};
			name = Debug;
		};
		1805E2FE24BC3E7300D1912F /* Release */ = {
			isa = XCBuildConfiguration;
			buildSettings = {
				ASSETCATALOG_COMPILER_APPICON_NAME = AppIcon;
				CODE_SIGN_STYLE = Automatic;
				INFOPLIST_FILE = StormViewer/Info.plist;
				LD_RUNPATH_SEARCH_PATHS = (
					"$(inherited)",
					"@executable_path/Frameworks",
				);
				PRODUCT_BUNDLE_IDENTIFIER = il.co.hyperactive.StormViewer;
				PRODUCT_NAME = "$(TARGET_NAME)";
				SWIFT_VERSION = 5.0;
				TARGETED_DEVICE_FAMILY = "1,2";
			};
			name = Release;
		};
		1805E30024BC3E7300D1912F /* Debug */ = {
			isa = XCBuildConfiguration;
			buildSettings = {
				ALWAYS_EMBED_SWIFT_STANDARD_LIBRARIES = YES;
				BUNDLE_LOADER = "$(TEST_HOST)";
				CODE_SIGN_STYLE = Automatic;
				INFOPLIST_FILE = StormViewerTests/Info.plist;
				IPHONEOS_DEPLOYMENT_TARGET = 13.5;
				LD_RUNPATH_SEARCH_PATHS = (
					"$(inherited)",
					"@executable_path/Frameworks",
					"@loader_path/Frameworks",
				);
				PRODUCT_BUNDLE_IDENTIFIER = il.co.hyperactive.StormViewerTests;
				PRODUCT_NAME = "$(TARGET_NAME)";
				SWIFT_VERSION = 5.0;
				TARGETED_DEVICE_FAMILY = "1,2";
				TEST_HOST = "$(BUILT_PRODUCTS_DIR)/StormViewer.app/StormViewer";
			};
			name = Debug;
		};
		1805E30124BC3E7300D1912F /* Release */ = {
			isa = XCBuildConfiguration;
			buildSettings = {
				ALWAYS_EMBED_SWIFT_STANDARD_LIBRARIES = YES;
				BUNDLE_LOADER = "$(TEST_HOST)";
				CODE_SIGN_STYLE = Automatic;
				INFOPLIST_FILE = StormViewerTests/Info.plist;
				IPHONEOS_DEPLOYMENT_TARGET = 13.5;
				LD_RUNPATH_SEARCH_PATHS = (
					"$(inherited)",
					"@executable_path/Frameworks",
					"@loader_path/Frameworks",
				);
				PRODUCT_BUNDLE_IDENTIFIER = il.co.hyperactive.StormViewerTests;
				PRODUCT_NAME = "$(TARGET_NAME)";
				SWIFT_VERSION = 5.0;
				TARGETED_DEVICE_FAMILY = "1,2";
				TEST_HOST = "$(BUILT_PRODUCTS_DIR)/StormViewer.app/StormViewer";
			};
			name = Release;
		};
		1805E30324BC3E7300D1912F /* Debug */ = {
			isa = XCBuildConfiguration;
			buildSettings = {
				ALWAYS_EMBED_SWIFT_STANDARD_LIBRARIES = YES;
				CODE_SIGN_STYLE = Automatic;
				INFOPLIST_FILE = StormViewerUITests/Info.plist;
				LD_RUNPATH_SEARCH_PATHS = (
					"$(inherited)",
					"@executable_path/Frameworks",
					"@loader_path/Frameworks",
				);
				PRODUCT_BUNDLE_IDENTIFIER = il.co.hyperactive.StormViewerUITests;
				PRODUCT_NAME = "$(TARGET_NAME)";
				SWIFT_VERSION = 5.0;
				TARGETED_DEVICE_FAMILY = "1,2";
				TEST_TARGET_NAME = StormViewer;
			};
			name = Debug;
		};
		1805E30424BC3E7300D1912F /* Release */ = {
			isa = XCBuildConfiguration;
			buildSettings = {
				ALWAYS_EMBED_SWIFT_STANDARD_LIBRARIES = YES;
				CODE_SIGN_STYLE = Automatic;
				INFOPLIST_FILE = StormViewerUITests/Info.plist;
				LD_RUNPATH_SEARCH_PATHS = (
					"$(inherited)",
					"@executable_path/Frameworks",
					"@loader_path/Frameworks",
				);
				PRODUCT_BUNDLE_IDENTIFIER = il.co.hyperactive.StormViewerUITests;
				PRODUCT_NAME = "$(TARGET_NAME)";
				SWIFT_VERSION = 5.0;
				TARGETED_DEVICE_FAMILY = "1,2";
				TEST_TARGET_NAME = StormViewer;
			};
			name = Release;
		};
/* End XCBuildConfiguration section */

/* Begin XCConfigurationList section */
		1805E2CD24BC3E7000D1912F /* Build configuration list for PBXProject "StormViewer" */ = {
			isa = XCConfigurationList;
			buildConfigurations = (
				1805E2FA24BC3E7300D1912F /* Debug */,
				1805E2FB24BC3E7300D1912F /* Release */,
			);
			defaultConfigurationIsVisible = 0;
			defaultConfigurationName = Release;
		};
		1805E2FC24BC3E7300D1912F /* Build configuration list for PBXNativeTarget "StormViewer" */ = {
			isa = XCConfigurationList;
			buildConfigurations = (
				1805E2FD24BC3E7300D1912F /* Debug */,
				1805E2FE24BC3E7300D1912F /* Release */,
			);
			defaultConfigurationIsVisible = 0;
			defaultConfigurationName = Release;
		};
		1805E2FF24BC3E7300D1912F /* Build configuration list for PBXNativeTarget "StormViewerTests" */ = {
			isa = XCConfigurationList;
			buildConfigurations = (
				1805E30024BC3E7300D1912F /* Debug */,
				1805E30124BC3E7300D1912F /* Release */,
			);
			defaultConfigurationIsVisible = 0;
			defaultConfigurationName = Release;
		};
		1805E30224BC3E7300D1912F /* Build configuration list for PBXNativeTarget "StormViewerUITests" */ = {
			isa = XCConfigurationList;
			buildConfigurations = (
				1805E30324BC3E7300D1912F /* Debug */,
				1805E30424BC3E7300D1912F /* Release */,
			);
			defaultConfigurationIsVisible = 0;
			defaultConfigurationName = Release;
		};
/* End XCConfigurationList section */
	};
	rootObject = 1805E2CA24BC3E7000D1912F /* Project object */;
}
